
Microsoft Visual Studio Solution File, Format Version 12.00
# Visual Studio Version 16
VisualStudioVersion = 16.0.32413.511
MinimumVisualStudioVersion = 10.0.40219.1
Project("{FAE04EC0-301F-11D3-BF4B-00C04F79EFBC}") = "ConsoleApp1", "ConsoleApp1\ConsoleApp1.csproj", "{CD0291BE-EBA5-4A21-9A76-8F1288C19988}"
EndProject
Project("{FAE04EC0-301F-11D3-BF4B-00C04F79EFBC}") = "TestProject1", "TestProject1\TestProject1.csproj", "{29482A52-A01B-43F8-8740-5279906F637B}"
EndProject
Global
	GlobalSection(SolutionConfigurationPlatforms) = preSolution
		Debug|Any CPU = Debug|Any CPU
		Release|Any CPU = Release|Any CPU
	EndGlobalSection
	GlobalSection(ProjectConfigurationPlatforms) = postSolution
		{CD0291BE-EBA5-4A21-9A76-8F1288C19988}.Debug|Any CPU.ActiveCfg = Debug|Any CPU
		{CD0291BE-EBA5-4A21-9A76-8F1288C19988}.Debug|Any CPU.Build.0 = Debug|Any CPU
		{CD0291BE-EBA5-4A21-9A76-8F1288C19988}.Release|Any CPU.ActiveCfg = Release|Any CPU
		{CD0291BE-EBA5-4A21-9A76-8F1288C19988}.Release|Any CPU.Build.0 = Release|Any CPU
		{29482A52-A01B-43F8-8740-5279906F637B}.Debug|Any CPU.ActiveCfg = Debug|Any CPU
		{29482A52-A01B-43F8-8740-5279906F637B}.Debug|Any CPU.Build.0 = Debug|Any CPU
		{29482A52-A01B-43F8-8740-5279906F637B}.Release|Any CPU.ActiveCfg = Release|Any CPU
		{29482A52-A01B-43F8-8740-5279906F637B}.Release|Any CPU.Build.0 = Release|Any CPU
	EndGlobalSection
	GlobalSection(SolutionProperties) = preSolution
		HideSolutionNode = FALSE
	EndGlobalSection
	GlobalSection(ExtensibilityGlobals) = postSolution
		SolutionGuid = {A739C91D-7564-49CB-B12D-BD0AFF1D9FA0}
	EndGlobalSection
EndGlobal
